<Solution>
  <Folder Name="/services/" />
  <Folder Name="/services/monolith/">
    <Project Path="services/monolith/src/Rezio.Api/Rezio.Api.csproj" />
    <Project Path="services/monolith/tests/Rezio.Api.Tests/Rezio.Api.Tests.csproj" />
  </Folder>
  <Folder Name="/services/scraper/">
    <Project Path="services/scraper/src/Rezio.Scraper.Api/Rezio.Scraper.Api.csproj" />
    <Project Path="services/scraper/tests/Rezio.Scraper.Api.Tests/Rezio.Scraper.Api.Tests.csproj" />
  </Folder>
</Solution>
